
Microsoft Visual Studio Solution File, Format Version 12.00
# Visual Studio Version 16
VisualStudioVersion = 16.0.30204.135
MinimumVisualStudioVersion = 10.0.40219.1
Project("{8BC9CEB8-8B4A-11D0-8D11-00A0C91BC942}") = "ProjectX", "ProjectX\ProjectX.vcxproj", "{4002F870-132B-4C52-B3E8-3D2CD2231DDD}"
EndProject
Global
	GlobalSection(SolutionConfigurationPlatforms) = preSolution
		Debug|Win32 = Debug|Win32
		Release|Win32 = Release|Win32
	EndGlobalSection
	GlobalSection(ProjectConfigurationPlatforms) = postSolution
		{4002F870-132B-4C52-B3E8-3D2CD2231DDD}.Debug|Win32.ActiveCfg = Debug|Win32
		{4002F870-132B-4C52-B3E8-3D2CD2231DDD}.Debug|Win32.Build.0 = Debug|Win32
		{4002F870-132B-4C52-B3E8-3D2CD2231DDD}.Release|Win32.ActiveCfg = Release|Win32
		{4002F870-132B-4C52-B3E8-3D2CD2231DDD}.Release|Win32.Build.0 = Release|Win32
	EndGlobalSection
	GlobalSection(SolutionProperties) = preSolution
		HideSolutionNode = FALSE
	EndGlobalSection
	GlobalSection(ExtensibilityGlobals) = postSolution
		SolutionGuid = {CCD00710-932D-4F1A-B9E6-19F63E5EA053}
	EndGlobalSection
EndGlobal
